// !$*UTF8*$!
{
	archiveVersion = 1;
	classes = {
	};
	objectVersion = 46;
	objects = {

/* Begin PBXBuildFile section */
		1879735B1EA8ACFC005EFA2C /* AppDelegate.swift in Sources */ = {isa = PBXBuildFile; fileRef = 1879735A1EA8ACFC005EFA2C /* AppDelegate.swift */; };
		1879735D1EA8ACFC005EFA2C /* ViewController.swift in Sources */ = {isa = PBXBuildFile; fileRef = 1879735C1EA8ACFC005EFA2C /* ViewController.swift */; };
		187973601EA8ACFC005EFA2C /* Main.storyboard in Resources */ = {isa = PBXBuildFile; fileRef = 1879735E1EA8ACFC005EFA2C /* Main.storyboard */; };
		187973621EA8ACFC005EFA2C /* Assets.xcassets in Resources */ = {isa = PBXBuildFile; fileRef = 187973611EA8ACFC005EFA2C /* Assets.xcassets */; };
		187973651EA8ACFC005EFA2C /* LaunchScreen.storyboard in Resources */ = {isa = PBXBuildFile; fileRef = 187973631EA8ACFC005EFA2C /* LaunchScreen.storyboard */; };
/* End PBXBuildFile section */

/* Begin PBXFileReference section */
		187973571EA8ACFC005EFA2C /* EkyuLibrary.app */ = {isa = PBXFileReference; explicitFileType = wrapper.application; includeInIndex = 0; path = EkyuLibrary.app; sourceTree = BUILT_PRODUCTS_DIR; };
		1879735A1EA8ACFC005EFA2C /* AppDelegate.swift */ = {isa = PBXFileReference; lastKnownFileType = sourcecode.swift; path = AppDelegate.swift; sourceTree = "<group>"; };
		1879735C1EA8ACFC005EFA2C /* ViewController.swift */ = {isa = PBXFileReference; lastKnownFileType = sourcecode.swift; path = ViewController.swift; sourceTree = "<group>"; };
		1879735F1EA8ACFC005EFA2C /* Base */ = {isa = PBXFileReference; lastKnownFileType = file.storyboard; name = Base; path = Base.lproj/Main.storyboard; sourceTree = "<group>"; };
		187973611EA8ACFC005EFA2C /* Assets.xcassets */ = {isa = PBXFileReference; lastKnownFileType = folder.assetcatalog; path = Assets.xcassets; sourceTree = "<group>"; };
		187973641EA8ACFC005EFA2C /* Base */ = {isa = PBXFileReference; lastKnownFileType = file.storyboard; name = Base; path = Base.lproj/LaunchScreen.storyboard; sourceTree = "<group>"; };
		187973661EA8ACFC005EFA2C /* Info.plist */ = {isa = PBXFileReference; lastKnownFileType = text.plist.xml; path = Info.plist; sourceTree = "<group>"; };
/* End PBXFileReference section */

/* Begin PBXFrameworksBuildPhase section */
		187973541EA8ACFC005EFA2C /* Frameworks */ = {
			isa = PBXFrameworksBuildPhase;
			buildActionMask = 2147483647;
			files = (
			);
			runOnlyForDeploymentPostprocessing = 0;
		};
/* End PBXFrameworksBuildPhase section */

/* Begin PBXGroup section */
		1879734E1EA8ACFC005EFA2C = {
			isa = PBXGroup;
			children = (
				187973591EA8ACFC005EFA2C /* EkyuLibrary */,
				187973581EA8ACFC005EFA2C /* Products */,
			);
			sourceTree = "<group>";
		};
		187973581EA8ACFC005EFA2C /* Products */ = {
			isa = PBXGroup;
			children = (
				187973571EA8ACFC005EFA2C /* EkyuLibrary.app */,
			);
			name = Products;
			sourceTree = "<group>";
		};
		187973591EA8ACFC005EFA2C /* EkyuLibrary */ = {
			isa = PBXGroup;
			children = (
				1879735A1EA8ACFC005EFA2C /* AppDelegate.swift */,
				1879735C1EA8ACFC005EFA2C /* ViewController.swift */,
				1879735E1EA8ACFC005EFA2C /* Main.storyboard */,
				187973611EA8ACFC005EFA2C /* Assets.xcassets */,
				187973631EA8ACFC005EFA2C /* LaunchScreen.storyboard */,
				187973661EA8ACFC005EFA2C /* Info.plist */,
			);
			path = EkyuLibrary;
			sourceTree = "<group>";
		};
/* End PBXGroup section */

/* Begin PBXNativeTarget section */
		187973561EA8ACFC005EFA2C /* EkyuLibrary */ = {
			isa = PBXNativeTarget;
			buildConfigurationList = 187973691EA8ACFC005EFA2C /* Build configuration list for PBXNativeTarget "EkyuLibrary" */;
			buildPhases = (
				187973531EA8ACFC005EFA2C /* Sources */,
				187973541EA8ACFC005EFA2C /* Frameworks */,
				187973551EA8ACFC005EFA2C /* Resources */,
			);
			buildRules = (
			);
			dependencies = (
			);
			name = EkyuLibrary;
			productName = EkyuLibrary;
			productReference = 187973571EA8ACFC005EFA2C /* EkyuLibrary.app */;
			productType = "com.apple.product-type.application";
		};
/* End PBXNativeTarget section */

/* Begin PBXProject section */
		1879734F1EA8ACFC005EFA2C /* Project object */ = {
			isa = PBXProject;
			attributes = {
				LastSwiftUpdateCheck = 0830;
				LastUpgradeCheck = 0830;
				ORGANIZATIONNAME = ekyu;
				TargetAttributes = {
					187973561EA8ACFC005EFA2C = {
						CreatedOnToolsVersion = 8.3.2;
						ProvisioningStyle = Automatic;
					};
				};
			};
			buildConfigurationList = 187973521EA8ACFC005EFA2C /* Build configuration list for PBXProject "EkyuLibrary" */;
			compatibilityVersion = "Xcode 3.2";
			developmentRegion = English;
			hasScannedForEncodings = 0;
			knownRegions = (
				en,
				Base,
			);
			mainGroup = 1879734E1EA8ACFC005EFA2C;
			productRefGroup = 187973581EA8ACFC005EFA2C /* Products */;
			projectDirPath = "";
			projectRoot = "";
			targets = (
				187973561EA8ACFC005EFA2C /* EkyuLibrary */,
			);
		};
/* End PBXProject section */

/* Begin PBXResourcesBuildPhase section */
		187973551EA8ACFC005EFA2C /* Resources */ = {
			isa = PBXResourcesBuildPhase;
			buildActionMask = 2147483647;
			files = (
				187973651EA8ACFC005EFA2C /* LaunchScreen.storyboard in Resources */,
				187973621EA8ACFC005EFA2C /* Assets.xcassets in Resources */,
				187973601EA8ACFC005EFA2C /* Main.storyboard in Resources */,
			);
			runOnlyForDeploymentPostprocessing = 0;
		};
/* End PBXResourcesBuildPhase section */

/* Begin PBXSourcesBuildPhase section */
		187973531EA8ACFC005EFA2C /* Sources */ = {
			isa = PBXSourcesBuildPhase;
			buildActionMask = 2147483647;
			files = (
				1879735D1EA8ACFC005EFA2C /* ViewController.swift in Sources */,
				1879735B1EA8ACFC005EFA2C /* AppDelegate.swift in Sources */,
			);
			runOnlyForDeploymentPostprocessing = 0;
		};
/* End PBXSourcesBuildPhase section */

/* Begin PBXVariantGroup section */
		1879735E1EA8ACFC005EFA2C /* Main.storyboard */ = {
			isa = PBXVariantGroup;
			children = (
				1879735F1EA8ACFC005EFA2C /* Base */,
			);
			name = Main.storyboard;
			sourceTree = "<group>";
		};
		187973631EA8ACFC005EFA2C /* LaunchScreen.storyboard */ = {
			isa = PBXVariantGroup;
			children = (
				187973641EA8ACFC005EFA2C /* Base */,
			);
			name = LaunchScreen.storyboard;
			sourceTree = "<group>";
		};
/* End PBXVariantGroup section */

/* Begin XCBuildConfiguration section */
		187973671EA8ACFC005EFA2C /* Debug */ = {
			isa = XCBuildConfiguration;
			buildSettings = {
				ALWAYS_SEARCH_USER_PATHS = NO;
				CLANG_ANALYZER_NONNULL = YES;
				CLANG_ANALYZER_NUMBER_OBJECT_CONVERSION = YES_AGGRESSIVE;
				CLANG_CXX_LANGUAGE_STANDARD = "gnu++0x";
				CLANG_CXX_LIBRARY = "libc++";
				CLANG_ENABLE_MODULES = YES;
				CLANG_ENABLE_OBJC_ARC = YES;
				CLANG_WARN_BOOL_CONVERSION = YES;
				CLANG_WARN_CONSTANT_CONVERSION = YES;
				CLANG_WARN_DIRECT_OBJC_ISA_USAGE = YES_ERROR;
				CLANG_WARN_DOCUMENTATION_COMMENTS = YES;
				CLANG_WARN_EMPTY_BODY = YES;
				CLANG_WARN_ENUM_CONVERSION = YES;
				CLANG_WARN_INFINITE_RECURSION = YES;
				CLANG_WARN_INT_CONVERSION = YES;
				CLANG_WARN_OBJC_ROOT_CLASS = YES_ERROR;
				CLANG_WARN_SUSPICIOUS_MOVE = YES;
				CLANG_WARN_UNREACHABLE_CODE = YES;
				CLANG_WARN__DUPLICATE_METHOD_MATCH = YES;
				"CODE_SIGN_IDENTITY[sdk=iphoneos*]" = "iPhone Developer";
				COPY_PHASE_STRIP = NO;
				DEBUG_INFORMATION_FORMAT = dwarf;
				ENABLE_STRICT_OBJC_MSGSEND = YES;
				ENABLE_TESTABILITY = YES;
				GCC_C_LANGUAGE_STANDARD = gnu99;
				GCC_DYNAMIC_NO_PIC = NO;
				GCC_NO_COMMON_BLOCKS = YES;
				GCC_OPTIMIZATION_LEVEL = 0;
				GCC_PREPROCESSOR_DEFINITIONS = (
					"DEBUG=1",
					"$(inherited)",
				);
				GCC_WARN_64_TO_32_BIT_CONVERSION = YES;
				GCC_WARN_ABOUT_RETURN_TYPE = YES_ERROR;
				GCC_WARN_UNDECLARED_SELECTOR = YES;
				GCC_WARN_UNINITIALIZED_AUTOS = YES_AGGRESSIVE;
				GCC_WARN_UNUSED_FUNCTION = YES;
				GCC_WARN_UNUSED_VARIABLE = YES;
				IPHONEOS_DEPLOYMENT_TARGET = 10.3;
				MTL_ENABLE_DEBUG_INFO = YES;
				ONLY_ACTIVE_ARCH = YES;
				SDKROOT = iphoneos;
				SWIFT_ACTIVE_COMPILATION_CONDITIONS = DEBUG;
				SWIFT_OPTIMIZATION_LEVEL = "-Onone";
				TARGETED_DEVICE_FAMILY = "1,2";
			};
			name = Debug;
		};
		187973681EA8ACFC005EFA2C /* Release */ = {
			isa = XCBuildConfiguration;
			buildSettings = {
				ALWAYS_SEARCH_USER_PATHS = NO;
				CLANG_ANALYZER_NONNULL = YES;
				CLANG_ANALYZER_NUMBER_OBJECT_CONVERSION = YES_AGGRESSIVE;
				CLANG_CXX_LANGUAGE_STANDARD = "gnu++0x";
				CLANG_CXX_LIBRARY = "libc++";
				CLANG_ENABLE_MODULES = YES;
				CLANG_ENABLE_OBJC_ARC = YES;
				CLANG_WARN_BOOL_CONVERSION = YES;
				CLANG_WARN_CONSTANT_CONVERSION = YES;
				CLANG_WARN_DIRECT_OBJC_ISA_USAGE = YES_ERROR;
				CLANG_WARN_DOCUMENTATION_COMMENTS = YES;
				CLANG_WARN_EMPTY_BODY = YES;
				CLANG_WARN_ENUM_CONVERSION = YES;
				CLANG_WARN_INFINITE_RECURSION = YES;
				CLANG_WARN_INT_CONVERSION = YES;
				CLANG_WARN_OBJC_ROOT_CLASS = YES_ERROR;
				CLANG_WARN_SUSPICIOUS_MOVE = YES;
				CLANG_WARN_UNREACHABLE_CODE = YES;
				CLANG_WARN__DUPLICATE_METHOD_MATCH = YES;
				"CODE_SIGN_IDENTITY[sdk=iphoneos*]" = "iPhone Developer";
				COPY_PHASE_STRIP = NO;
				DEBUG_INFORMATION_FORMAT = "dwarf-with-dsym";
				ENABLE_NS_ASSERTIONS = NO;
				ENABLE_STRICT_OBJC_MSGSEND = YES;
				GCC_C_LANGUAGE_STANDARD = gnu99;
				GCC_NO_COMMON_BLOCKS = YES;
				GCC_WARN_64_TO_32_BIT_CONVERSION = YES;
				GCC_WARN_ABOUT_RETURN_TYPE = YES_ERROR;
				GCC_WARN_UNDECLARED_SELECTOR = YES;
				GCC_WARN_UNINITIALIZED_AUTOS = YES_AGGRESSIVE;
				GCC_WARN_UNUSED_FUNCTION = YES;
				GCC_WARN_UNUSED_VARIABLE = YES;
				IPHONEOS_DEPLOYMENT_TARGET = 10.3;
				MTL_ENABLE_DEBUG_INFO = NO;
				SDKROOT = iphoneos;
				SWIFT_OPTIMIZATION_LEVEL = "-Owholemodule";
				TARGETED_DEVICE_FAMILY = "1,2";
				VALIDATE_PRODUCT = YES;
			};
			name = Release;
		};
		1879736A1EA8ACFC005EFA2C /* Debug */ = {
			isa = XCBuildConfiguration;
			buildSettings = {
				ASSETCATALOG_COMPILER_APPICON_NAME = AppIcon;
				INFOPLIST_FILE = EkyuLibrary/Info.plist;
				LD_RUNPATH_SEARCH_PATHS = "$(inherited) @executable_path/Frameworks";
				PRODUCT_BUNDLE_IDENTIFIER = com.ekyu.EkyuLibrary;
				PRODUCT_NAME = "$(TARGET_NAME)";
				SWIFT_VERSION = 3.0;
			};
			name = Debug;
		};
		1879736B1EA8ACFC005EFA2C /* Release */ = {
			isa = XCBuildConfiguration;
			buildSettings = {
				ASSETCATALOG_COMPILER_APPICON_NAME = AppIcon;
				INFOPLIST_FILE = EkyuLibrary/Info.plist;
				LD_RUNPATH_SEARCH_PATHS = "$(inherited) @executable_path/Frameworks";
				PRODUCT_BUNDLE_IDENTIFIER = com.ekyu.EkyuLibrary;
				PRODUCT_NAME = "$(TARGET_NAME)";
				SWIFT_VERSION = 3.0;
			};
			name = Release;
		};
/* End XCBuildConfiguration section */

/* Begin XCConfigurationList section */
		187973521EA8ACFC005EFA2C /* Build configuration list for PBXProject "EkyuLibrary" */ = {
			isa = XCConfigurationList;
			buildConfigurations = (
				187973671EA8ACFC005EFA2C /* Debug */,
				187973681EA8ACFC005EFA2C /* Release */,
			);
			defaultConfigurationIsVisible = 0;
			defaultConfigurationName = Release;
		};
		187973691EA8ACFC005EFA2C /* Build configuration list for PBXNativeTarget "EkyuLibrary" */ = {
			isa = XCConfigurationList;
			buildConfigurations = (
				1879736A1EA8ACFC005EFA2C /* Debug */,
				1879736B1EA8ACFC005EFA2C /* Release */,
			);
			defaultConfigurationIsVisible = 0;
		};
/* End XCConfigurationList section */
	};
	rootObject = 1879734F1EA8ACFC005EFA2C /* Project object */;
}
